
Microsoft Visual Studio Solution File, Format Version 12.00
# Visual Studio Version 17
VisualStudioVersion = 17.8.34330.188
MinimumVisualStudioVersion = 10.0.40219.1
Project("{FAE04EC0-301F-11D3-BF4B-00C04F79EFBC}") = "WindowsForm_SystemIO", "WindowsForm_SystemIO\WindowsForm_SystemIO.csproj", "{530E6021-D09D-48AB-9019-A981D1D711DD}"
EndProject
Global
	GlobalSection(SolutionConfigurationPlatforms) = preSolution
		Debug|Any CPU = Debug|Any CPU
		Release|Any CPU = Release|Any CPU
	EndGlobalSection
	GlobalSection(ProjectConfigurationPlatforms) = postSolution
		{530E6021-D09D-48AB-9019-A981D1D711DD}.Debug|Any CPU.ActiveCfg = Debug|Any CPU
		{530E6021-D09D-48AB-9019-A981D1D711DD}.Debug|Any CPU.Build.0 = Debug|Any CPU
		{530E6021-D09D-48AB-9019-A981D1D711DD}.Release|Any CPU.ActiveCfg = Release|Any CPU
		{530E6021-D09D-48AB-9019-A981D1D711DD}.Release|Any CPU.Build.0 = Release|Any CPU
	EndGlobalSection
	GlobalSection(SolutionProperties) = preSolution
		HideSolutionNode = FALSE
	EndGlobalSection
	GlobalSection(ExtensibilityGlobals) = postSolution
		SolutionGuid = {C5825078-885C-4295-BE01-DFE89E029DB1}
	EndGlobalSection
EndGlobal
